
Microsoft Visual Studio Solution File, Format Version 12.00
# Visual Studio Version 16
VisualStudioVersion = 16.0.30907.101
MinimumVisualStudioVersion = 10.0.40219.1
Project("{9A19103F-16F7-4668-BE54-9A1E7A4F7556}") = "Task1", "Task1\Task1.csproj", "{50CFCCD1-77AB-482D-8750-76B1DF474126}"
EndProject
Project("{9A19103F-16F7-4668-BE54-9A1E7A4F7556}") = "Task2", "Task2\Task2.csproj", "{1C326928-CD98-4E10-8333-BE85E9CEDCDD}"
EndProject
Project("{9A19103F-16F7-4668-BE54-9A1E7A4F7556}") = "Task3", "Task3\Task3.csproj", "{F36E0F86-C4C8-43A7-A9D5-D93B1CFBF795}"
EndProject
Global
	GlobalSection(SolutionConfigurationPlatforms) = preSolution
		Debug|Any CPU = Debug|Any CPU
		Release|Any CPU = Release|Any CPU
	EndGlobalSection
	GlobalSection(ProjectConfigurationPlatforms) = postSolution
		{50CFCCD1-77AB-482D-8750-76B1DF474126}.Debug|Any CPU.ActiveCfg = Debug|Any CPU
		{50CFCCD1-77AB-482D-8750-76B1DF474126}.Debug|Any CPU.Build.0 = Debug|Any CPU
		{50CFCCD1-77AB-482D-8750-76B1DF474126}.Release|Any CPU.ActiveCfg = Release|Any CPU
		{50CFCCD1-77AB-482D-8750-76B1DF474126}.Release|Any CPU.Build.0 = Release|Any CPU
		{1C326928-CD98-4E10-8333-BE85E9CEDCDD}.Debug|Any CPU.ActiveCfg = Debug|Any CPU
		{1C326928-CD98-4E10-8333-BE85E9CEDCDD}.Debug|Any CPU.Build.0 = Debug|Any CPU
		{1C326928-CD98-4E10-8333-BE85E9CEDCDD}.Release|Any CPU.ActiveCfg = Release|Any CPU
		{1C326928-CD98-4E10-8333-BE85E9CEDCDD}.Release|Any CPU.Build.0 = Release|Any CPU
		{F36E0F86-C4C8-43A7-A9D5-D93B1CFBF795}.Debug|Any CPU.ActiveCfg = Debug|Any CPU
		{F36E0F86-C4C8-43A7-A9D5-D93B1CFBF795}.Debug|Any CPU.Build.0 = Debug|Any CPU
		{F36E0F86-C4C8-43A7-A9D5-D93B1CFBF795}.Release|Any CPU.ActiveCfg = Release|Any CPU
		{F36E0F86-C4C8-43A7-A9D5-D93B1CFBF795}.Release|Any CPU.Build.0 = Release|Any CPU
	EndGlobalSection
	GlobalSection(SolutionProperties) = preSolution
		HideSolutionNode = FALSE
	EndGlobalSection
	GlobalSection(ExtensibilityGlobals) = postSolution
		SolutionGuid = {DD88B7A8-168E-4D10-8EA2-F12B724FBEEF}
	EndGlobalSection
EndGlobal
